# THIS IS AN AUTOGENERATED FILE. DO NOT EDIT THIS FILE DIRECTLY.
# yarn lockfile v1


adler-32@~1.1.0:
  version "1.1.0"
  resolved "https://registry.yarnpkg.com/adler-32/-/adler-32-1.1.0.tgz#03551a5c7f0edfbd4fc8fa12a6814978eab651c3"
  dependencies:
    exit-on-epipe "~1.0.1"
    printj "~1.1.0"

async@~1.0.0:
  version "1.0.0"
  resolved "https://registry.yarnpkg.com/async/-/async-1.0.0.tgz#f8fc04ca3a13784ade9e1641af98578cfbd647a9"

balanced-match@^1.0.0:
  version "1.0.0"
  resolved "https://registry.yarnpkg.com/balanced-match/-/balanced-match-1.0.0.tgz#89b4d199ab2bee49de164ea02b89ce462d71b767"

brace-expansion@^1.1.7:
  version "1.1.8"
  resolved "https://registry.yarnpkg.com/brace-expansion/-/brace-expansion-1.1.8.tgz#c07b211c7c952ec1f8efd51a77ef0d1d3990a292"
  dependencies:
    balanced-match "^1.0.0"
    concat-map "0.0.1"

cfb@~0.12.1:
  version "0.12.1"
  resolved "https://registry.yarnpkg.com/cfb/-/cfb-0.12.1.tgz#57fadfa9fc31409b2ca58a4109ecaaac5ad1a4ec"
  dependencies:
    commander "~2.11.0"
    printj "~1.1.0"

codepage@~1.11.0:
  version "1.11.0"
  resolved "https://registry.yarnpkg.com/codepage/-/codepage-1.11.0.tgz#1076095b9f03b5ca04f43873fa1a627742285de2"
  dependencies:
    commander "~2.11.0"
    exit-on-epipe "~1.0.1"
    voc "~1.0.0"

colors@1.0.x:
  version "1.0.3"
  resolved "https://registry.yarnpkg.com/colors/-/colors-1.0.3.tgz#0433f44d809680fdeb60ed260f1b0c262e82a40b"

commander@~2.11.0:
  version "2.11.0"
  resolved "https://registry.yarnpkg.com/commander/-/commander-2.11.0.tgz#157152fd1e7a6c8d98a5b715cf376df928004563"

concat-map@0.0.1:
  version "0.0.1"
  resolved "https://registry.yarnpkg.com/concat-map/-/concat-map-0.0.1.tgz#d8a96bd77fd68df7793a73036a3ba0d5405d477b"

crc-32@~1.1.0:
  version "1.1.0"
  resolved "https://registry.yarnpkg.com/crc-32/-/crc-32-1.1.0.tgz#301ef4a1c2217adc8463b6e6e96c4e44310e10c7"
  dependencies:
    exit-on-epipe "~1.0.1"
    printj "~1.1.0"

cycle@1.0.x:
  version "1.0.3"
  resolved "https://registry.yarnpkg.com/cycle/-/cycle-1.0.3.tgz#21e80b2be8580f98b468f379430662b046c34ad2"

exit-on-epipe@~1.0.1:
  version "1.0.1"
  resolved "https://registry.yarnpkg.com/exit-on-epipe/-/exit-on-epipe-1.0.1.tgz#0bdd92e87d5285d267daa8171d0eb06159689692"

eyes@0.1.x:
  version "0.1.8"
  resolved "https://registry.yarnpkg.com/eyes/-/eyes-0.1.8.tgz#62cf120234c683785d902348a800ef3e0cc20bc0"

frac@~1.1.0:
  version "1.1.0"
  resolved "https://registry.yarnpkg.com/frac/-/frac-1.1.0.tgz#dc437e9c6a646b60b127d82ac4902464445cc1e3"
  dependencies:
    voc "~1.0.0"

fs.realpath@^1.0.0:
  version "1.0.0"
  resolved "https://registry.yarnpkg.com/fs.realpath/-/fs.realpath-1.0.0.tgz#1504ad2523158caa40db4a2787cb01411994ea4f"

glob@^7.1.2:
  version "7.1.2"
  resolved "https://registry.yarnpkg.com/glob/-/glob-7.1.2.tgz#c19c9df9a028702d678612384a6552404c636d15"
  dependencies:
    fs.realpath "^1.0.0"
    inflight "^1.0.4"
    inherits "2"
    minimatch "^3.0.4"
    once "^1.3.0"
    path-is-absolute "^1.0.0"

inflight@^1.0.4:
  version "1.0.6"
  resolved "https://registry.yarnpkg.com/inflight/-/inflight-1.0.6.tgz#49bd6331d7d02d0c09bc910a1075ba8165b56df9"
  dependencies:
    once "^1.3.0"
    wrappy "1"

inherits@2:
  version "2.0.3"
  resolved "https://registry.yarnpkg.com/inherits/-/inherits-2.0.3.tgz#633c2c83e3da42a502f52466022480f4208261de"

isstream@0.1.x:
  version "0.1.2"
  resolved "https://registry.yarnpkg.com/isstream/-/isstream-0.1.2.tgz#47e63f7af55afa6f92e1500e690eb8b8529c099a"

lodash@^4.17.4:
  version "4.17.4"
  resolved "https://registry.yarnpkg.com/lodash/-/lodash-4.17.4.tgz#78203a4d1c328ae1d86dca6460e369b57f4055ae"

minimatch@^3.0.4:
  version "3.0.4"
  resolved "https://registry.yarnpkg.com/minimatch/-/minimatch-3.0.4.tgz#5166e286457f03306064be5497e8dbb0c3d32083"
  dependencies:
    brace-expansion "^1.1.7"

node-xlsx@^0.11.0:
  version "0.11.0"
  resolved "https://registry.yarnpkg.com/node-xlsx/-/node-xlsx-0.11.0.tgz#6bcd835555a4a847508eaa070344aac8e7e789d5"
  dependencies:
    xlsx "^0.11.3"

once@^1.3.0:
  version "1.4.0"
  resolved "https://registry.yarnpkg.com/once/-/once-1.4.0.tgz#583b1aa775961d4b113ac17d9c50baef9dd76bd1"
  dependencies:
    wrappy "1"

path-is-absolute@^1.0.0:
  version "1.0.1"
  resolved "https://registry.yarnpkg.com/path-is-absolute/-/path-is-absolute-1.0.1.tgz#174b9268735534ffbc7ace6bf53a5a9e1b5c5f5f"

printj@~1.1.0:
  version "1.1.0"
  resolved "https://registry.yarnpkg.com/printj/-/printj-1.1.0.tgz#85487b5e8f96763b0b4a253613bef9dd9b387e3c"

rxjs@^5.4.3:
  version "5.4.3"
  resolved "https://registry.yarnpkg.com/rxjs/-/rxjs-5.4.3.tgz#0758cddee6033d68e0fd53676f0f3596ce3d483f"
  dependencies:
    symbol-observable "^1.0.1"

ssf@~0.10.1:
  version "0.10.1"
  resolved "https://registry.yarnpkg.com/ssf/-/ssf-0.10.1.tgz#f23d82b63792ef56089089c1cd0c848e911cdba6"
  dependencies:
    frac "~1.1.0"

stack-trace@0.0.x:
  version "0.0.10"
  resolved "https://registry.yarnpkg.com/stack-trace/-/stack-trace-0.0.10.tgz#547c70b347e8d32b4e108ea1a2a159e5fdde19c0"

symbol-observable@^1.0.1:
  version "1.0.4"
  resolved "https://registry.yarnpkg.com/symbol-observable/-/symbol-observable-1.0.4.tgz#29bf615d4aa7121bdd898b22d4b3f9bc4e2aa03d"

voc@~1.0.0:
  version "1.0.0"
  resolved "https://registry.yarnpkg.com/voc/-/voc-1.0.0.tgz#5465c0ce11d0881f7d8e36d8ca587043f33a25ae"

winston@^2.3.1:
  version "2.3.1"
  resolved "https://registry.yarnpkg.com/winston/-/winston-2.3.1.tgz#0b48420d978c01804cf0230b648861598225a119"
  dependencies:
    async "~1.0.0"
    colors "1.0.x"
    cycle "1.0.x"
    eyes "0.1.x"
    isstream "0.1.x"
    stack-trace "0.0.x"

wrappy@1:
  version "1.0.2"
  resolved "https://registry.yarnpkg.com/wrappy/-/wrappy-1.0.2.tgz#b5243d8f3ec1aa35f1364605bc0d1036e30ab69f"

xlsx@^0.11.3:
  version "0.11.3"
  resolved "https://registry.yarnpkg.com/xlsx/-/xlsx-0.11.3.tgz#d5394137d5d1a65b046bbe41c2a4d7468af8670b"
  dependencies:
    adler-32 "~1.1.0"
    cfb "~0.12.1"
    codepage "~1.11.0"
    commander "~2.11.0"
    crc-32 "~1.1.0"
    exit-on-epipe "~1.0.1"
    ssf "~0.10.1"
